// !$*UTF8*$!
{
	archiveVersion = 1;
	classes = {
	};
	objectVersion = 50;
	objects = {

/* Begin PBXBuildFile section */
		A863FE5825D287C400C74AE3 /* AppDelegate.swift in Sources */ = {isa = PBXBuildFile; fileRef = A863FE5725D287C400C74AE3 /* AppDelegate.swift */; };
		A863FE5A25D287C400C74AE3 /* SceneDelegate.swift in Sources */ = {isa = PBXBuildFile; fileRef = A863FE5925D287C400C74AE3 /* SceneDelegate.swift */; };
		A863FE5F25D287C400C74AE3 /* Main.storyboard in Resources */ = {isa = PBXBuildFile; fileRef = A863FE5D25D287C400C74AE3 /* Main.storyboard */; };
		A863FE6225D287C400C74AE3 /* MVC_to_MVVM__UITableView_.xcdatamodeld in Sources */ = {isa = PBXBuildFile; fileRef = A863FE6025D287C400C74AE3 /* MVC_to_MVVM__UITableView_.xcdatamodeld */; };
		A863FE6425D287C800C74AE3 /* Assets.xcassets in Resources */ = {isa = PBXBuildFile; fileRef = A863FE6325D287C800C74AE3 /* Assets.xcassets */; };
		A863FE6725D287C800C74AE3 /* LaunchScreen.storyboard in Resources */ = {isa = PBXBuildFile; fileRef = A863FE6525D287C800C74AE3 /* LaunchScreen.storyboard */; };
		A863FE7025D28BD300C74AE3 /* Profile.swift in Sources */ = {isa = PBXBuildFile; fileRef = A863FE6F25D28BD300C74AE3 /* Profile.swift */; };
		A863FE7425D28C2D00C74AE3 /* TableViewController.swift in Sources */ = {isa = PBXBuildFile; fileRef = A863FE7325D28C2D00C74AE3 /* TableViewController.swift */; };
		A863FE7725D28D7900C74AE3 /* TableViewCell.swift in Sources */ = {isa = PBXBuildFile; fileRef = A863FE7625D28D7900C74AE3 /* TableViewCell.swift */; };
		A863FE8125D292FE00C74AE3 /* ViewModel.swift in Sources */ = {isa = PBXBuildFile; fileRef = A863FE8025D292FE00C74AE3 /* ViewModel.swift */; };
		A863FE8425D293A700C74AE3 /* TableViewViewModelType.swift in Sources */ = {isa = PBXBuildFile; fileRef = A863FE8325D293A700C74AE3 /* TableViewViewModelType.swift */; };
		A863FE8725D2ABB800C74AE3 /* tableViewCellViewModel.swift in Sources */ = {isa = PBXBuildFile; fileRef = A863FE8625D2ABB800C74AE3 /* tableViewCellViewModel.swift */; };
		A863FE8B25D2ABE600C74AE3 /* TableViewCellViewModelType.swift in Sources */ = {isa = PBXBuildFile; fileRef = A863FE8A25D2ABE600C74AE3 /* TableViewCellViewModelType.swift */; };
/* End PBXBuildFile section */

/* Begin PBXFileReference section */
		A863FE5425D287C400C74AE3 /* MVC to MVVM (UITableView).app */ = {isa = PBXFileReference; explicitFileType = wrapper.application; includeInIndex = 0; path = "MVC to MVVM (UITableView).app"; sourceTree = BUILT_PRODUCTS_DIR; };
		A863FE5725D287C400C74AE3 /* AppDelegate.swift */ = {isa = PBXFileReference; lastKnownFileType = sourcecode.swift; path = AppDelegate.swift; sourceTree = "<group>"; };
		A863FE5925D287C400C74AE3 /* SceneDelegate.swift */ = {isa = PBXFileReference; lastKnownFileType = sourcecode.swift; path = SceneDelegate.swift; sourceTree = "<group>"; };
		A863FE5E25D287C400C74AE3 /* Base */ = {isa = PBXFileReference; lastKnownFileType = file.storyboard; name = Base; path = Base.lproj/Main.storyboard; sourceTree = "<group>"; };
		A863FE6125D287C400C74AE3 /* MVC_to_MVVM__UITableView_.xcdatamodel */ = {isa = PBXFileReference; lastKnownFileType = wrapper.xcdatamodel; path = MVC_to_MVVM__UITableView_.xcdatamodel; sourceTree = "<group>"; };
		A863FE6325D287C800C74AE3 /* Assets.xcassets */ = {isa = PBXFileReference; lastKnownFileType = folder.assetcatalog; path = Assets.xcassets; sourceTree = "<group>"; };
		A863FE6625D287C800C74AE3 /* Base */ = {isa = PBXFileReference; lastKnownFileType = file.storyboard; name = Base; path = Base.lproj/LaunchScreen.storyboard; sourceTree = "<group>"; };
		A863FE6825D287C800C74AE3 /* Info.plist */ = {isa = PBXFileReference; lastKnownFileType = text.plist.xml; path = Info.plist; sourceTree = "<group>"; };
		A863FE6F25D28BD300C74AE3 /* Profile.swift */ = {isa = PBXFileReference; lastKnownFileType = sourcecode.swift; path = Profile.swift; sourceTree = "<group>"; };
		A863FE7325D28C2D00C74AE3 /* TableViewController.swift */ = {isa = PBXFileReference; lastKnownFileType = sourcecode.swift; path = TableViewController.swift; sourceTree = "<group>"; };
		A863FE7625D28D7900C74AE3 /* TableViewCell.swift */ = {isa = PBXFileReference; lastKnownFileType = sourcecode.swift; path = TableViewCell.swift; sourceTree = "<group>"; };
		A863FE8025D292FE00C74AE3 /* ViewModel.swift */ = {isa = PBXFileReference; lastKnownFileType = sourcecode.swift; path = ViewModel.swift; sourceTree = "<group>"; };
		A863FE8325D293A700C74AE3 /* TableViewViewModelType.swift */ = {isa = PBXFileReference; lastKnownFileType = sourcecode.swift; path = TableViewViewModelType.swift; sourceTree = "<group>"; };
		A863FE8625D2ABB800C74AE3 /* tableViewCellViewModel.swift */ = {isa = PBXFileReference; lastKnownFileType = sourcecode.swift; path = tableViewCellViewModel.swift; sourceTree = "<group>"; };
		A863FE8A25D2ABE600C74AE3 /* TableViewCellViewModelType.swift */ = {isa = PBXFileReference; lastKnownFileType = sourcecode.swift; path = TableViewCellViewModelType.swift; sourceTree = "<group>"; };
/* End PBXFileReference section */

/* Begin PBXFrameworksBuildPhase section */
		A863FE5125D287C400C74AE3 /* Frameworks */ = {
			isa = PBXFrameworksBuildPhase;
			buildActionMask = 2147483647;
			files = (
			);
			runOnlyForDeploymentPostprocessing = 0;
		};
/* End PBXFrameworksBuildPhase section */

/* Begin PBXGroup section */
		A863FE4B25D287C400C74AE3 = {
			isa = PBXGroup;
			children = (
				A863FE5625D287C400C74AE3 /* MVC to MVVM (UITableView) */,
				A863FE5525D287C400C74AE3 /* Products */,
			);
			sourceTree = "<group>";
		};
		A863FE5525D287C400C74AE3 /* Products */ = {
			isa = PBXGroup;
			children = (
				A863FE5425D287C400C74AE3 /* MVC to MVVM (UITableView).app */,
			);
			name = Products;
			sourceTree = "<group>";
		};
		A863FE5625D287C400C74AE3 /* MVC to MVVM (UITableView) */ = {
			isa = PBXGroup;
			children = (
				A863FE7925D28E2500C74AE3 /* Model */,
				A863FE7B25D28E4200C74AE3 /* View */,
				A863FE7F25D2929200C74AE3 /* ViewModel */,
				A863FE7E25D2927200C74AE3 /* Protocols */,
				A863FE5725D287C400C74AE3 /* AppDelegate.swift */,
				A863FE5925D287C400C74AE3 /* SceneDelegate.swift */,
				A863FE5D25D287C400C74AE3 /* Main.storyboard */,
				A863FE6325D287C800C74AE3 /* Assets.xcassets */,
				A863FE6525D287C800C74AE3 /* LaunchScreen.storyboard */,
				A863FE6825D287C800C74AE3 /* Info.plist */,
				A863FE6025D287C400C74AE3 /* MVC_to_MVVM__UITableView_.xcdatamodeld */,
			);
			path = "MVC to MVVM (UITableView)";
			sourceTree = "<group>";
		};
		A863FE7925D28E2500C74AE3 /* Model */ = {
			isa = PBXGroup;
			children = (
				A863FE6F25D28BD300C74AE3 /* Profile.swift */,
			);
			path = Model;
			sourceTree = "<group>";
		};
		A863FE7B25D28E4200C74AE3 /* View */ = {
			isa = PBXGroup;
			children = (
				A863FE7325D28C2D00C74AE3 /* TableViewController.swift */,
				A863FE7625D28D7900C74AE3 /* TableViewCell.swift */,
			);
			path = View;
			sourceTree = "<group>";
		};
		A863FE7E25D2927200C74AE3 /* Protocols */ = {
			isa = PBXGroup;
			children = (
				A863FE8325D293A700C74AE3 /* TableViewViewModelType.swift */,
				A863FE8A25D2ABE600C74AE3 /* TableViewCellViewModelType.swift */,
			);
			path = Protocols;
			sourceTree = "<group>";
		};
		A863FE7F25D2929200C74AE3 /* ViewModel */ = {
			isa = PBXGroup;
			children = (
				A863FE8025D292FE00C74AE3 /* ViewModel.swift */,
				A863FE8625D2ABB800C74AE3 /* tableViewCellViewModel.swift */,
			);
			path = ViewModel;
			sourceTree = "<group>";
		};
/* End PBXGroup section */

/* Begin PBXNativeTarget section */
		A863FE5325D287C400C74AE3 /* MVC to MVVM (UITableView) */ = {
			isa = PBXNativeTarget;
			buildConfigurationList = A863FE6B25D287C800C74AE3 /* Build configuration list for PBXNativeTarget "MVC to MVVM (UITableView)" */;
			buildPhases = (
				A863FE5025D287C400C74AE3 /* Sources */,
				A863FE5125D287C400C74AE3 /* Frameworks */,
				A863FE5225D287C400C74AE3 /* Resources */,
			);
			buildRules = (
			);
			dependencies = (
			);
			name = "MVC to MVVM (UITableView)";
			productName = "MVC to MVVM (UITableView)";
			productReference = A863FE5425D287C400C74AE3 /* MVC to MVVM (UITableView).app */;
			productType = "com.apple.product-type.application";
		};
/* End PBXNativeTarget section */

/* Begin PBXProject section */
		A863FE4C25D287C400C74AE3 /* Project object */ = {
			isa = PBXProject;
			attributes = {
				LastSwiftUpdateCheck = 1240;
				LastUpgradeCheck = 1240;
				TargetAttributes = {
					A863FE5325D287C400C74AE3 = {
						CreatedOnToolsVersion = 12.4;
					};
				};
			};
			buildConfigurationList = A863FE4F25D287C400C74AE3 /* Build configuration list for PBXProject "MVC to MVVM (UITableView)" */;
			compatibilityVersion = "Xcode 9.3";
			developmentRegion = en;
			hasScannedForEncodings = 0;
			knownRegions = (
				en,
				Base,
			);
			mainGroup = A863FE4B25D287C400C74AE3;
			productRefGroup = A863FE5525D287C400C74AE3 /* Products */;
			projectDirPath = "";
			projectRoot = "";
			targets = (
				A863FE5325D287C400C74AE3 /* MVC to MVVM (UITableView) */,
			);
		};
/* End PBXProject section */

/* Begin PBXResourcesBuildPhase section */
		A863FE5225D287C400C74AE3 /* Resources */ = {
			isa = PBXResourcesBuildPhase;
			buildActionMask = 2147483647;
			files = (
				A863FE6725D287C800C74AE3 /* LaunchScreen.storyboard in Resources */,
				A863FE6425D287C800C74AE3 /* Assets.xcassets in Resources */,
				A863FE5F25D287C400C74AE3 /* Main.storyboard in Resources */,
			);
			runOnlyForDeploymentPostprocessing = 0;
		};
/* End PBXResourcesBuildPhase section */

/* Begin PBXSourcesBuildPhase section */
		A863FE5025D287C400C74AE3 /* Sources */ = {
			isa = PBXSourcesBuildPhase;
			buildActionMask = 2147483647;
			files = (
				A863FE7025D28BD300C74AE3 /* Profile.swift in Sources */,
				A863FE8425D293A700C74AE3 /* TableViewViewModelType.swift in Sources */,
				A863FE6225D287C400C74AE3 /* MVC_to_MVVM__UITableView_.xcdatamodeld in Sources */,
				A863FE5825D287C400C74AE3 /* AppDelegate.swift in Sources */,
				A863FE7725D28D7900C74AE3 /* TableViewCell.swift in Sources */,
				A863FE7425D28C2D00C74AE3 /* TableViewController.swift in Sources */,
				A863FE8725D2ABB800C74AE3 /* tableViewCellViewModel.swift in Sources */,
				A863FE5A25D287C400C74AE3 /* SceneDelegate.swift in Sources */,
				A863FE8B25D2ABE600C74AE3 /* TableViewCellViewModelType.swift in Sources */,
				A863FE8125D292FE00C74AE3 /* ViewModel.swift in Sources */,
			);
			runOnlyForDeploymentPostprocessing = 0;
		};
/* End PBXSourcesBuildPhase section */

/* Begin PBXVariantGroup section */
		A863FE5D25D287C400C74AE3 /* Main.storyboard */ = {
			isa = PBXVariantGroup;
			children = (
				A863FE5E25D287C400C74AE3 /* Base */,
			);
			name = Main.storyboard;
			sourceTree = "<group>";
		};
		A863FE6525D287C800C74AE3 /* LaunchScreen.storyboard */ = {
			isa = PBXVariantGroup;
			children = (
				A863FE6625D287C800C74AE3 /* Base */,
			);
			name = LaunchScreen.storyboard;
			sourceTree = "<group>";
		};
/* End PBXVariantGroup section */

/* Begin XCBuildConfiguration section */
		A863FE6925D287C800C74AE3 /* Debug */ = {
			isa = XCBuildConfiguration;
			buildSettings = {
				ALWAYS_SEARCH_USER_PATHS = NO;
				CLANG_ANALYZER_NONNULL = YES;
				CLANG_ANALYZER_NUMBER_OBJECT_CONVERSION = YES_AGGRESSIVE;
				CLANG_CXX_LANGUAGE_STANDARD = "gnu++14";
				CLANG_CXX_LIBRARY = "libc++";
				CLANG_ENABLE_MODULES = YES;
				CLANG_ENABLE_OBJC_ARC = YES;
				CLANG_ENABLE_OBJC_WEAK = YES;
				CLANG_WARN_BLOCK_CAPTURE_AUTORELEASING = YES;
				CLANG_WARN_BOOL_CONVERSION = YES;
				CLANG_WARN_COMMA = YES;
				CLANG_WARN_CONSTANT_CONVERSION = YES;
				CLANG_WARN_DEPRECATED_OBJC_IMPLEMENTATIONS = YES;
				CLANG_WARN_DIRECT_OBJC_ISA_USAGE = YES_ERROR;
				CLANG_WARN_DOCUMENTATION_COMMENTS = YES;
				CLANG_WARN_EMPTY_BODY = YES;
				CLANG_WARN_ENUM_CONVERSION = YES;
				CLANG_WARN_INFINITE_RECURSION = YES;
				CLANG_WARN_INT_CONVERSION = YES;
				CLANG_WARN_NON_LITERAL_NULL_CONVERSION = YES;
				CLANG_WARN_OBJC_IMPLICIT_RETAIN_SELF = YES;
				CLANG_WARN_OBJC_LITERAL_CONVERSION = YES;
				CLANG_WARN_OBJC_ROOT_CLASS = YES_ERROR;
				CLANG_WARN_QUOTED_INCLUDE_IN_FRAMEWORK_HEADER = YES;
				CLANG_WARN_RANGE_LOOP_ANALYSIS = YES;
				CLANG_WARN_STRICT_PROTOTYPES = YES;
				CLANG_WARN_SUSPICIOUS_MOVE = YES;
				CLANG_WARN_UNGUARDED_AVAILABILITY = YES_AGGRESSIVE;
				CLANG_WARN_UNREACHABLE_CODE = YES;
				CLANG_WARN__DUPLICATE_METHOD_MATCH = YES;
				COPY_PHASE_STRIP = NO;
				DEBUG_INFORMATION_FORMAT = dwarf;
				ENABLE_STRICT_OBJC_MSGSEND = YES;
				ENABLE_TESTABILITY = YES;
				GCC_C_LANGUAGE_STANDARD = gnu11;
				GCC_DYNAMIC_NO_PIC = NO;
				GCC_NO_COMMON_BLOCKS = YES;
				GCC_OPTIMIZATION_LEVEL = 0;
				GCC_PREPROCESSOR_DEFINITIONS = (
					"DEBUG=1",
					"$(inherited)",
				);
				GCC_WARN_64_TO_32_BIT_CONVERSION = YES;
				GCC_WARN_ABOUT_RETURN_TYPE = YES_ERROR;
				GCC_WARN_UNDECLARED_SELECTOR = YES;
				GCC_WARN_UNINITIALIZED_AUTOS = YES_AGGRESSIVE;
				GCC_WARN_UNUSED_FUNCTION = YES;
				GCC_WARN_UNUSED_VARIABLE = YES;
				IPHONEOS_DEPLOYMENT_TARGET = 14.4;
				MTL_ENABLE_DEBUG_INFO = INCLUDE_SOURCE;
				MTL_FAST_MATH = YES;
				ONLY_ACTIVE_ARCH = YES;
				SDKROOT = iphoneos;
				SWIFT_ACTIVE_COMPILATION_CONDITIONS = DEBUG;
				SWIFT_OPTIMIZATION_LEVEL = "-Onone";
			};
			name = Debug;
		};
		A863FE6A25D287C800C74AE3 /* Release */ = {
			isa = XCBuildConfiguration;
			buildSettings = {
				ALWAYS_SEARCH_USER_PATHS = NO;
				CLANG_ANALYZER_NONNULL = YES;
				CLANG_ANALYZER_NUMBER_OBJECT_CONVERSION = YES_AGGRESSIVE;
				CLANG_CXX_LANGUAGE_STANDARD = "gnu++14";
				CLANG_CXX_LIBRARY = "libc++";
				CLANG_ENABLE_MODULES = YES;
				CLANG_ENABLE_OBJC_ARC = YES;
				CLANG_ENABLE_OBJC_WEAK = YES;
				CLANG_WARN_BLOCK_CAPTURE_AUTORELEASING = YES;
				CLANG_WARN_BOOL_CONVERSION = YES;
				CLANG_WARN_COMMA = YES;
				CLANG_WARN_CONSTANT_CONVERSION = YES;
				CLANG_WARN_DEPRECATED_OBJC_IMPLEMENTATIONS = YES;
				CLANG_WARN_DIRECT_OBJC_ISA_USAGE = YES_ERROR;
				CLANG_WARN_DOCUMENTATION_COMMENTS = YES;
				CLANG_WARN_EMPTY_BODY = YES;
				CLANG_WARN_ENUM_CONVERSION = YES;
				CLANG_WARN_INFINITE_RECURSION = YES;
				CLANG_WARN_INT_CONVERSION = YES;
				CLANG_WARN_NON_LITERAL_NULL_CONVERSION = YES;
				CLANG_WARN_OBJC_IMPLICIT_RETAIN_SELF = YES;
				CLANG_WARN_OBJC_LITERAL_CONVERSION = YES;
				CLANG_WARN_OBJC_ROOT_CLASS = YES_ERROR;
				CLANG_WARN_QUOTED_INCLUDE_IN_FRAMEWORK_HEADER = YES;
				CLANG_WARN_RANGE_LOOP_ANALYSIS = YES;
				CLANG_WARN_STRICT_PROTOTYPES = YES;
				CLANG_WARN_SUSPICIOUS_MOVE = YES;
				CLANG_WARN_UNGUARDED_AVAILABILITY = YES_AGGRESSIVE;
				CLANG_WARN_UNREACHABLE_CODE = YES;
				CLANG_WARN__DUPLICATE_METHOD_MATCH = YES;
				COPY_PHASE_STRIP = NO;
				DEBUG_INFORMATION_FORMAT = "dwarf-with-dsym";
				ENABLE_NS_ASSERTIONS = NO;
				ENABLE_STRICT_OBJC_MSGSEND = YES;
				GCC_C_LANGUAGE_STANDARD = gnu11;
				GCC_NO_COMMON_BLOCKS = YES;
				GCC_WARN_64_TO_32_BIT_CONVERSION = YES;
				GCC_WARN_ABOUT_RETURN_TYPE = YES_ERROR;
				GCC_WARN_UNDECLARED_SELECTOR = YES;
				GCC_WARN_UNINITIALIZED_AUTOS = YES_AGGRESSIVE;
				GCC_WARN_UNUSED_FUNCTION = YES;
				GCC_WARN_UNUSED_VARIABLE = YES;
				IPHONEOS_DEPLOYMENT_TARGET = 14.4;
				MTL_ENABLE_DEBUG_INFO = NO;
				MTL_FAST_MATH = YES;
				SDKROOT = iphoneos;
				SWIFT_COMPILATION_MODE = wholemodule;
				SWIFT_OPTIMIZATION_LEVEL = "-O";
				VALIDATE_PRODUCT = YES;
			};
			name = Release;
		};
		A863FE6C25D287C800C74AE3 /* Debug */ = {
			isa = XCBuildConfiguration;
			buildSettings = {
				ASSETCATALOG_COMPILER_APPICON_NAME = AppIcon;
				ASSETCATALOG_COMPILER_GLOBAL_ACCENT_COLOR_NAME = AccentColor;
				CODE_SIGN_STYLE = Automatic;
				DEVELOPMENT_TEAM = 4R899ZV6V2;
				INFOPLIST_FILE = "MVC to MVVM (UITableView)/Info.plist";
				LD_RUNPATH_SEARCH_PATHS = (
					"$(inherited)",
					"@executable_path/Frameworks",
				);
				PRODUCT_BUNDLE_IDENTIFIER = "Olga-Mikhnenko.MVC-to-MVVM--UITableView-";
				PRODUCT_NAME = "$(TARGET_NAME)";
				SWIFT_VERSION = 5.0;
				TARGETED_DEVICE_FAMILY = "1,2";
			};
			name = Debug;
		};
		A863FE6D25D287C800C74AE3 /* Release */ = {
			isa = XCBuildConfiguration;
			buildSettings = {
				ASSETCATALOG_COMPILER_APPICON_NAME = AppIcon;
				ASSETCATALOG_COMPILER_GLOBAL_ACCENT_COLOR_NAME = AccentColor;
				CODE_SIGN_STYLE = Automatic;
				DEVELOPMENT_TEAM = 4R899ZV6V2;
				INFOPLIST_FILE = "MVC to MVVM (UITableView)/Info.plist";
				LD_RUNPATH_SEARCH_PATHS = (
					"$(inherited)",
					"@executable_path/Frameworks",
				);
				PRODUCT_BUNDLE_IDENTIFIER = "Olga-Mikhnenko.MVC-to-MVVM--UITableView-";
				PRODUCT_NAME = "$(TARGET_NAME)";
				SWIFT_VERSION = 5.0;
				TARGETED_DEVICE_FAMILY = "1,2";
			};
			name = Release;
		};
/* End XCBuildConfiguration section */

/* Begin XCConfigurationList section */
		A863FE4F25D287C400C74AE3 /* Build configuration list for PBXProject "MVC to MVVM (UITableView)" */ = {
			isa = XCConfigurationList;
			buildConfigurations = (
				A863FE6925D287C800C74AE3 /* Debug */,
				A863FE6A25D287C800C74AE3 /* Release */,
			);
			defaultConfigurationIsVisible = 0;
			defaultConfigurationName = Release;
		};
		A863FE6B25D287C800C74AE3 /* Build configuration list for PBXNativeTarget "MVC to MVVM (UITableView)" */ = {
			isa = XCConfigurationList;
			buildConfigurations = (
				A863FE6C25D287C800C74AE3 /* Debug */,
				A863FE6D25D287C800C74AE3 /* Release */,
			);
			defaultConfigurationIsVisible = 0;
			defaultConfigurationName = Release;
		};
/* End XCConfigurationList section */

/* Begin XCVersionGroup section */
		A863FE6025D287C400C74AE3 /* MVC_to_MVVM__UITableView_.xcdatamodeld */ = {
			isa = XCVersionGroup;
			children = (
				A863FE6125D287C400C74AE3 /* MVC_to_MVVM__UITableView_.xcdatamodel */,
			);
			currentVersion = A863FE6125D287C400C74AE3 /* MVC_to_MVVM__UITableView_.xcdatamodel */;
			path = MVC_to_MVVM__UITableView_.xcdatamodeld;
			sourceTree = "<group>";
			versionGroupType = wrapper.xcdatamodel;
		};
/* End XCVersionGroup section */
	};
	rootObject = A863FE4C25D287C400C74AE3 /* Project object */;
}
